
Microsoft Visual Studio Solution File, Format Version 12.00
# Visual Studio Version 17
VisualStudioVersion = 17.8.34309.116
MinimumVisualStudioVersion = 10.0.40219.1
Project("{9A19103F-16F7-4668-BE54-9A1E7A4F7556}") = "FChassisTest", "FChassisTest\FChassisTest.csproj", "{B8A66AE2-1F2A-4832-ACE5-FA4153A44F33}"
EndProject
Project("{2150E333-8FDC-42A3-9474-1A3956D46DE8}") = "Solution Items", "Solution Items", "{E6E194A5-0B27-43E7-8F0E-7663BDE5672D}"
	ProjectSection(SolutionItems) = preProject
		Directory.Build.props = Directory.Build.props
	EndProjectSection
EndProject
Project("{8BC9CEB8-8B4A-11D0-8D11-00A0C91BC942}") = "FChassis.Insaller", "FChassis.Installer\FChassis.Insaller.vcxproj", "{4AD5A041-ABDD-414C-AA3E-54AF96448C8C}"
	ProjectSection(ProjectDependencies) = postProject
		{1AACB615-CCE2-434B-9EAA-C34B1D5FA048} = {1AACB615-CCE2-434B-9EAA-C34B1D5FA048}
		{4A55656B-5670-452B-B8C3-FFC2AFF4E8AA} = {4A55656B-5670-452B-B8C3-FFC2AFF4E8AA}
	EndProjectSection
EndProject
Project("{8BC9CEB8-8B4A-11D0-8D11-00A0C91BC942}") = "IGES", "IGES\IGES.vcxproj", "{4A55656B-5670-452B-B8C3-FFC2AFF4E8AA}"
EndProject
Project("{FAE04EC0-301F-11D3-BF4B-00C04F79EFBC}") = "FChassis", "FChassis\FChassis.csproj", "{1AACB615-CCE2-434B-9EAA-C34B1D5FA048}"
EndProject
Global
	GlobalSection(SolutionConfigurationPlatforms) = preSolution
		Debug|Any CPU = Debug|Any CPU
		Debug|x64 = Debug|x64
		Debug|x86 = Debug|x86
		Release|Any CPU = Release|Any CPU
		Release|x64 = Release|x64
		Release|x86 = Release|x86
	EndGlobalSection
	GlobalSection(ProjectConfigurationPlatforms) = postSolution
		{B8A66AE2-1F2A-4832-ACE5-FA4153A44F33}.Debug|Any CPU.ActiveCfg = Debug|Any CPU
		{B8A66AE2-1F2A-4832-ACE5-FA4153A44F33}.Debug|Any CPU.Build.0 = Debug|Any CPU
		{B8A66AE2-1F2A-4832-ACE5-FA4153A44F33}.Debug|x64.ActiveCfg = Debug|x64
		{B8A66AE2-1F2A-4832-ACE5-FA4153A44F33}.Debug|x64.Build.0 = Debug|x64
		{B8A66AE2-1F2A-4832-ACE5-FA4153A44F33}.Debug|x86.ActiveCfg = Debug|Any CPU
		{B8A66AE2-1F2A-4832-ACE5-FA4153A44F33}.Debug|x86.Build.0 = Debug|Any CPU
		{B8A66AE2-1F2A-4832-ACE5-FA4153A44F33}.Release|Any CPU.ActiveCfg = Release|Any CPU
		{B8A66AE2-1F2A-4832-ACE5-FA4153A44F33}.Release|Any CPU.Build.0 = Release|Any CPU
		{B8A66AE2-1F2A-4832-ACE5-FA4153A44F33}.Release|x64.ActiveCfg = Release|Any CPU
		{B8A66AE2-1F2A-4832-ACE5-FA4153A44F33}.Release|x64.Build.0 = Release|Any CPU
		{B8A66AE2-1F2A-4832-ACE5-FA4153A44F33}.Release|x86.ActiveCfg = Release|Any CPU
		{B8A66AE2-1F2A-4832-ACE5-FA4153A44F33}.Release|x86.Build.0 = Release|Any CPU
		{4AD5A041-ABDD-414C-AA3E-54AF96448C8C}.Debug|Any CPU.ActiveCfg = Debug|x64
		{4AD5A041-ABDD-414C-AA3E-54AF96448C8C}.Debug|Any CPU.Build.0 = Debug|x64
		{4AD5A041-ABDD-414C-AA3E-54AF96448C8C}.Debug|x64.ActiveCfg = Debug|x64
		{4AD5A041-ABDD-414C-AA3E-54AF96448C8C}.Debug|x64.Build.0 = Debug|x64
		{4AD5A041-ABDD-414C-AA3E-54AF96448C8C}.Debug|x86.ActiveCfg = Debug|Win32
		{4AD5A041-ABDD-414C-AA3E-54AF96448C8C}.Debug|x86.Build.0 = Debug|Win32
		{4AD5A041-ABDD-414C-AA3E-54AF96448C8C}.Release|Any CPU.ActiveCfg = Release|x64
		{4AD5A041-ABDD-414C-AA3E-54AF96448C8C}.Release|Any CPU.Build.0 = Release|x64
		{4AD5A041-ABDD-414C-AA3E-54AF96448C8C}.Release|x64.ActiveCfg = Release|x64
		{4AD5A041-ABDD-414C-AA3E-54AF96448C8C}.Release|x64.Build.0 = Release|x64
		{4AD5A041-ABDD-414C-AA3E-54AF96448C8C}.Release|x86.ActiveCfg = Release|Win32
		{4AD5A041-ABDD-414C-AA3E-54AF96448C8C}.Release|x86.Build.0 = Release|Win32
		{4A55656B-5670-452B-B8C3-FFC2AFF4E8AA}.Debug|Any CPU.ActiveCfg = Debug|x64
		{4A55656B-5670-452B-B8C3-FFC2AFF4E8AA}.Debug|Any CPU.Build.0 = Debug|x64
		{4A55656B-5670-452B-B8C3-FFC2AFF4E8AA}.Debug|x64.ActiveCfg = Debug|x64
		{4A55656B-5670-452B-B8C3-FFC2AFF4E8AA}.Debug|x64.Build.0 = Debug|x64
		{4A55656B-5670-452B-B8C3-FFC2AFF4E8AA}.Debug|x86.ActiveCfg = Debug|Win32
		{4A55656B-5670-452B-B8C3-FFC2AFF4E8AA}.Debug|x86.Build.0 = Debug|Win32
		{4A55656B-5670-452B-B8C3-FFC2AFF4E8AA}.Release|Any CPU.ActiveCfg = Release|x64
		{4A55656B-5670-452B-B8C3-FFC2AFF4E8AA}.Release|Any CPU.Build.0 = Release|x64
		{4A55656B-5670-452B-B8C3-FFC2AFF4E8AA}.Release|x64.ActiveCfg = Release|x64
		{4A55656B-5670-452B-B8C3-FFC2AFF4E8AA}.Release|x64.Build.0 = Release|x64
		{4A55656B-5670-452B-B8C3-FFC2AFF4E8AA}.Release|x86.ActiveCfg = Release|Win32
		{4A55656B-5670-452B-B8C3-FFC2AFF4E8AA}.Release|x86.Build.0 = Release|Win32
		{1AACB615-CCE2-434B-9EAA-C34B1D5FA048}.Debug|Any CPU.ActiveCfg = Debug|Any CPU
		{1AACB615-CCE2-434B-9EAA-C34B1D5FA048}.Debug|Any CPU.Build.0 = Debug|Any CPU
		{1AACB615-CCE2-434B-9EAA-C34B1D5FA048}.Debug|x64.ActiveCfg = Debug|x64
		{1AACB615-CCE2-434B-9EAA-C34B1D5FA048}.Debug|x64.Build.0 = Debug|x64
		{1AACB615-CCE2-434B-9EAA-C34B1D5FA048}.Debug|x86.ActiveCfg = Debug|Any CPU
		{1AACB615-CCE2-434B-9EAA-C34B1D5FA048}.Debug|x86.Build.0 = Debug|Any CPU
		{1AACB615-CCE2-434B-9EAA-C34B1D5FA048}.Release|Any CPU.ActiveCfg = Release|Any CPU
		{1AACB615-CCE2-434B-9EAA-C34B1D5FA048}.Release|Any CPU.Build.0 = Release|Any CPU
		{1AACB615-CCE2-434B-9EAA-C34B1D5FA048}.Release|x64.ActiveCfg = Release|x64
		{1AACB615-CCE2-434B-9EAA-C34B1D5FA048}.Release|x64.Build.0 = Release|x64
		{1AACB615-CCE2-434B-9EAA-C34B1D5FA048}.Release|x86.ActiveCfg = Release|Any CPU
		{1AACB615-CCE2-434B-9EAA-C34B1D5FA048}.Release|x86.Build.0 = Release|Any CPU
	EndGlobalSection
	GlobalSection(SolutionProperties) = preSolution
		HideSolutionNode = FALSE
	EndGlobalSection
	GlobalSection(ExtensibilityGlobals) = postSolution
		SolutionGuid = {3D1F4E69-AD6C-4223-B2EE-D7A4D7A79327}
	EndGlobalSection
EndGlobal
