
Microsoft Visual Studio Solution File, Format Version 12.00
# Visual Studio Version 17
VisualStudioVersion = 17.8.34309.116
MinimumVisualStudioVersion = 10.0.40219.1
Project("{9A19103F-16F7-4668-BE54-9A1E7A4F7556}") = "FChassis", "FChassis\FChassis.csproj", "{02B78A70-58D9-47F1-A90A-B5F946A9DD96}"
	ProjectSection(ProjectDependencies) = postProject
		{4A55656B-5670-452B-B8C3-FFC2AFF4E8AA} = {4A55656B-5670-452B-B8C3-FFC2AFF4E8AA}
		{5DF1DCDC-AA7E-1C92-CD29-4B2C64547B56} = {5DF1DCDC-AA7E-1C92-CD29-4B2C64547B56}
		{777E3156-458C-4C39-900E-E5AA3899BA53} = {777E3156-458C-4C39-900E-E5AA3899BA53}
	EndProjectSection
EndProject
Project("{9A19103F-16F7-4668-BE54-9A1E7A4F7556}") = "FChassisTest", "FChassisTest\FChassisTest.csproj", "{B8A66AE2-1F2A-4832-ACE5-FA4153A44F33}"
	ProjectSection(ProjectDependencies) = postProject
		{4A55656B-5670-452B-B8C3-FFC2AFF4E8AA} = {4A55656B-5670-452B-B8C3-FFC2AFF4E8AA}
		{777E3156-458C-4C39-900E-E5AA3899BA53} = {777E3156-458C-4C39-900E-E5AA3899BA53}
	EndProjectSection
EndProject
Project("{2150E333-8FDC-42A3-9474-1A3956D46DE8}") = "Solution Items", "Solution Items", "{E6E194A5-0B27-43E7-8F0E-7663BDE5672D}"
	ProjectSection(SolutionItems) = preProject
		Directory.Build.props = Directory.Build.props
	EndProjectSection
EndProject
Project("{8BC9CEB8-8B4A-11D0-8D11-00A0C91BC942}") = "IGES", "IGES\IGES.vcxproj", "{4A55656B-5670-452B-B8C3-FFC2AFF4E8AA}"
EndProject
Project("{9A19103F-16F7-4668-BE54-9A1E7A4F7556}") = "FChassis.Core", "FChassis.Core\FChassis.Core.csproj", "{777E3156-458C-4C39-900E-E5AA3899BA53}"
	ProjectSection(ProjectDependencies) = postProject
		{4A55656B-5670-452B-B8C3-FFC2AFF4E8AA} = {4A55656B-5670-452B-B8C3-FFC2AFF4E8AA}
	EndProjectSection
EndProject
Project("{8BC9CEB8-8B4A-11D0-8D11-00A0C91BC942}") = "FChassisMap.Insaller", "FChassisMap.Installer\FChassisMap.Insaller.vcxproj", "{36170F65-4468-47A3-8EEB-725952D4C70F}"
EndProject
Project("{FAE04EC0-301F-11D3-BF4B-00C04F79EFBC}") = "FChassis.Installer", "FChassis.Installer\FChassis.Installer.csproj", "{2CFF4093-649F-4F26-BAB9-882D9876C7DA}"
	ProjectSection(ProjectDependencies) = postProject
		{02B78A70-58D9-47F1-A90A-B5F946A9DD96} = {02B78A70-58D9-47F1-A90A-B5F946A9DD96}
		{4A55656B-5670-452B-B8C3-FFC2AFF4E8AA} = {4A55656B-5670-452B-B8C3-FFC2AFF4E8AA}
		{777E3156-458C-4C39-900E-E5AA3899BA53} = {777E3156-458C-4C39-900E-E5AA3899BA53}
	EndProjectSection
EndProject
Project("{FAE04EC0-301F-11D3-BF4B-00C04F79EFBC}") = "uninstall", "uninstall\uninstall.csproj", "{F5875190-A23A-43F4-AA9E-CFD9CC77831C}"
EndProject
Project("{FAE04EC0-301F-11D3-BF4B-00C04F79EFBC}") = "FChassis.Input", "FChassis.Input\FChassis.Input.csproj", "{5DF1DCDC-AA7E-1C92-CD29-4B2C64547B56}"
	ProjectSection(ProjectDependencies) = postProject
		{4A55656B-5670-452B-B8C3-FFC2AFF4E8AA} = {4A55656B-5670-452B-B8C3-FFC2AFF4E8AA}
		{777E3156-458C-4C39-900E-E5AA3899BA53} = {777E3156-458C-4C39-900E-E5AA3899BA53}
	EndProjectSection
EndProject
Project("{FAE04EC0-301F-11D3-BF4B-00C04F79EFBC}") = "FChassis.OC.Installer", "FChassis.OC.Installer\FChassis.OC.Installer.csproj", "{F868ECAE-1772-4240-B3FF-3DD195471BA0}"
	ProjectSection(ProjectDependencies) = postProject
		{02B78A70-58D9-47F1-A90A-B5F946A9DD96} = {02B78A70-58D9-47F1-A90A-B5F946A9DD96}
	EndProjectSection
EndProject
Project("{8BC9CEB8-8B4A-11D0-8D11-00A0C91BC942}") = "FChassis.NSI.Installer", "FChassis.NSI.Installer\FChassis.NSI.Installer.vcxproj", "{47F3207E-EA0E-4D48-9C98-E935F3568F59}"
EndProject
Global
	GlobalSection(SolutionConfigurationPlatforms) = preSolution
		Debug|Any CPU = Debug|Any CPU
		Debug|x64 = Debug|x64
		Debug|x86 = Debug|x86
		Release|Any CPU = Release|Any CPU
		Release|x64 = Release|x64
		Release|x86 = Release|x86
		TestRelease|Any CPU = TestRelease|Any CPU
		TestRelease|x64 = TestRelease|x64
		TestRelease|x86 = TestRelease|x86
	EndGlobalSection
	GlobalSection(ProjectConfigurationPlatforms) = postSolution
		{02B78A70-58D9-47F1-A90A-B5F946A9DD96}.Debug|Any CPU.ActiveCfg = Debug|x64
		{02B78A70-58D9-47F1-A90A-B5F946A9DD96}.Debug|Any CPU.Build.0 = Debug|x64
		{02B78A70-58D9-47F1-A90A-B5F946A9DD96}.Debug|x64.ActiveCfg = Debug|x64
		{02B78A70-58D9-47F1-A90A-B5F946A9DD96}.Debug|x64.Build.0 = Debug|x64
		{02B78A70-58D9-47F1-A90A-B5F946A9DD96}.Debug|x86.ActiveCfg = Debug|Any CPU
		{02B78A70-58D9-47F1-A90A-B5F946A9DD96}.Debug|x86.Build.0 = Debug|Any CPU
		{02B78A70-58D9-47F1-A90A-B5F946A9DD96}.Release|Any CPU.ActiveCfg = Release|x64
		{02B78A70-58D9-47F1-A90A-B5F946A9DD96}.Release|Any CPU.Build.0 = Release|x64
		{02B78A70-58D9-47F1-A90A-B5F946A9DD96}.Release|x64.ActiveCfg = Release|x64
		{02B78A70-58D9-47F1-A90A-B5F946A9DD96}.Release|x64.Build.0 = Release|x64
		{02B78A70-58D9-47F1-A90A-B5F946A9DD96}.Release|x86.ActiveCfg = Release|Any CPU
		{02B78A70-58D9-47F1-A90A-B5F946A9DD96}.Release|x86.Build.0 = Release|Any CPU
		{02B78A70-58D9-47F1-A90A-B5F946A9DD96}.TestRelease|Any CPU.ActiveCfg = TestRelease|Any CPU
		{02B78A70-58D9-47F1-A90A-B5F946A9DD96}.TestRelease|Any CPU.Build.0 = TestRelease|Any CPU
		{02B78A70-58D9-47F1-A90A-B5F946A9DD96}.TestRelease|x64.ActiveCfg = TestRelease|x64
		{02B78A70-58D9-47F1-A90A-B5F946A9DD96}.TestRelease|x64.Build.0 = TestRelease|x64
		{02B78A70-58D9-47F1-A90A-B5F946A9DD96}.TestRelease|x86.ActiveCfg = TestRelease|Any CPU
		{02B78A70-58D9-47F1-A90A-B5F946A9DD96}.TestRelease|x86.Build.0 = TestRelease|Any CPU
		{B8A66AE2-1F2A-4832-ACE5-FA4153A44F33}.Debug|Any CPU.ActiveCfg = Debug|Any CPU
		{B8A66AE2-1F2A-4832-ACE5-FA4153A44F33}.Debug|Any CPU.Build.0 = Debug|Any CPU
		{B8A66AE2-1F2A-4832-ACE5-FA4153A44F33}.Debug|x64.ActiveCfg = Debug|x64
		{B8A66AE2-1F2A-4832-ACE5-FA4153A44F33}.Debug|x64.Build.0 = Debug|x64
		{B8A66AE2-1F2A-4832-ACE5-FA4153A44F33}.Debug|x86.ActiveCfg = Debug|Any CPU
		{B8A66AE2-1F2A-4832-ACE5-FA4153A44F33}.Debug|x86.Build.0 = Debug|Any CPU
		{B8A66AE2-1F2A-4832-ACE5-FA4153A44F33}.Release|Any CPU.ActiveCfg = Release|Any CPU
		{B8A66AE2-1F2A-4832-ACE5-FA4153A44F33}.Release|Any CPU.Build.0 = Release|Any CPU
		{B8A66AE2-1F2A-4832-ACE5-FA4153A44F33}.Release|x64.ActiveCfg = Release|Any CPU
		{B8A66AE2-1F2A-4832-ACE5-FA4153A44F33}.Release|x64.Build.0 = Release|Any CPU
		{B8A66AE2-1F2A-4832-ACE5-FA4153A44F33}.Release|x86.ActiveCfg = Release|Any CPU
		{B8A66AE2-1F2A-4832-ACE5-FA4153A44F33}.Release|x86.Build.0 = Release|Any CPU
		{B8A66AE2-1F2A-4832-ACE5-FA4153A44F33}.TestRelease|Any CPU.ActiveCfg = Release|Any CPU
		{B8A66AE2-1F2A-4832-ACE5-FA4153A44F33}.TestRelease|Any CPU.Build.0 = Release|Any CPU
		{B8A66AE2-1F2A-4832-ACE5-FA4153A44F33}.TestRelease|x64.ActiveCfg = TestRelease|x64
		{B8A66AE2-1F2A-4832-ACE5-FA4153A44F33}.TestRelease|x64.Build.0 = TestRelease|x64
		{B8A66AE2-1F2A-4832-ACE5-FA4153A44F33}.TestRelease|x86.ActiveCfg = TestRelease|x64
		{B8A66AE2-1F2A-4832-ACE5-FA4153A44F33}.TestRelease|x86.Build.0 = TestRelease|x64
		{4A55656B-5670-452B-B8C3-FFC2AFF4E8AA}.Debug|Any CPU.ActiveCfg = Debug|x64
		{4A55656B-5670-452B-B8C3-FFC2AFF4E8AA}.Debug|Any CPU.Build.0 = Debug|x64
		{4A55656B-5670-452B-B8C3-FFC2AFF4E8AA}.Debug|x64.ActiveCfg = Debug|x64
		{4A55656B-5670-452B-B8C3-FFC2AFF4E8AA}.Debug|x64.Build.0 = Debug|x64
		{4A55656B-5670-452B-B8C3-FFC2AFF4E8AA}.Debug|x86.ActiveCfg = Debug|Win32
		{4A55656B-5670-452B-B8C3-FFC2AFF4E8AA}.Debug|x86.Build.0 = Debug|Win32
		{4A55656B-5670-452B-B8C3-FFC2AFF4E8AA}.Release|Any CPU.ActiveCfg = Release|x64
		{4A55656B-5670-452B-B8C3-FFC2AFF4E8AA}.Release|Any CPU.Build.0 = Release|x64
		{4A55656B-5670-452B-B8C3-FFC2AFF4E8AA}.Release|x64.ActiveCfg = Release|x64
		{4A55656B-5670-452B-B8C3-FFC2AFF4E8AA}.Release|x64.Build.0 = Release|x64
		{4A55656B-5670-452B-B8C3-FFC2AFF4E8AA}.Release|x86.ActiveCfg = Release|Win32
		{4A55656B-5670-452B-B8C3-FFC2AFF4E8AA}.Release|x86.Build.0 = Release|Win32
		{4A55656B-5670-452B-B8C3-FFC2AFF4E8AA}.TestRelease|Any CPU.ActiveCfg = TestRelease|x64
		{4A55656B-5670-452B-B8C3-FFC2AFF4E8AA}.TestRelease|Any CPU.Build.0 = TestRelease|x64
		{4A55656B-5670-452B-B8C3-FFC2AFF4E8AA}.TestRelease|x64.ActiveCfg = TestRelease|x64
		{4A55656B-5670-452B-B8C3-FFC2AFF4E8AA}.TestRelease|x64.Build.0 = TestRelease|x64
		{4A55656B-5670-452B-B8C3-FFC2AFF4E8AA}.TestRelease|x86.ActiveCfg = TestRelease|Win32
		{4A55656B-5670-452B-B8C3-FFC2AFF4E8AA}.TestRelease|x86.Build.0 = TestRelease|Win32
		{777E3156-458C-4C39-900E-E5AA3899BA53}.Debug|Any CPU.ActiveCfg = Debug|x64
		{777E3156-458C-4C39-900E-E5AA3899BA53}.Debug|Any CPU.Build.0 = Debug|x64
		{777E3156-458C-4C39-900E-E5AA3899BA53}.Debug|x64.ActiveCfg = Debug|x64
		{777E3156-458C-4C39-900E-E5AA3899BA53}.Debug|x64.Build.0 = Debug|x64
		{777E3156-458C-4C39-900E-E5AA3899BA53}.Debug|x86.ActiveCfg = Debug|Any CPU
		{777E3156-458C-4C39-900E-E5AA3899BA53}.Debug|x86.Build.0 = Debug|Any CPU
		{777E3156-458C-4C39-900E-E5AA3899BA53}.Release|Any CPU.ActiveCfg = Release|x64
		{777E3156-458C-4C39-900E-E5AA3899BA53}.Release|Any CPU.Build.0 = Release|x64
		{777E3156-458C-4C39-900E-E5AA3899BA53}.Release|x64.ActiveCfg = Release|x64
		{777E3156-458C-4C39-900E-E5AA3899BA53}.Release|x64.Build.0 = Release|x64
		{777E3156-458C-4C39-900E-E5AA3899BA53}.Release|x86.ActiveCfg = Release|Any CPU
		{777E3156-458C-4C39-900E-E5AA3899BA53}.Release|x86.Build.0 = Release|Any CPU
		{777E3156-458C-4C39-900E-E5AA3899BA53}.TestRelease|Any CPU.ActiveCfg = TestRelease|Any CPU
		{777E3156-458C-4C39-900E-E5AA3899BA53}.TestRelease|Any CPU.Build.0 = TestRelease|Any CPU
		{777E3156-458C-4C39-900E-E5AA3899BA53}.TestRelease|x64.ActiveCfg = TestRelease|x64
		{777E3156-458C-4C39-900E-E5AA3899BA53}.TestRelease|x64.Build.0 = TestRelease|x64
		{777E3156-458C-4C39-900E-E5AA3899BA53}.TestRelease|x86.ActiveCfg = TestRelease|Any CPU
		{777E3156-458C-4C39-900E-E5AA3899BA53}.TestRelease|x86.Build.0 = TestRelease|Any CPU
		{36170F65-4468-47A3-8EEB-725952D4C70F}.Debug|Any CPU.ActiveCfg = Debug|x64
		{36170F65-4468-47A3-8EEB-725952D4C70F}.Debug|Any CPU.Build.0 = Debug|x64
		{36170F65-4468-47A3-8EEB-725952D4C70F}.Debug|x64.ActiveCfg = Debug|x64
		{36170F65-4468-47A3-8EEB-725952D4C70F}.Debug|x64.Build.0 = Debug|x64
		{36170F65-4468-47A3-8EEB-725952D4C70F}.Debug|x86.ActiveCfg = Debug|Win32
		{36170F65-4468-47A3-8EEB-725952D4C70F}.Debug|x86.Build.0 = Debug|Win32
		{36170F65-4468-47A3-8EEB-725952D4C70F}.Release|Any CPU.ActiveCfg = Release|x64
		{36170F65-4468-47A3-8EEB-725952D4C70F}.Release|Any CPU.Build.0 = Release|x64
		{36170F65-4468-47A3-8EEB-725952D4C70F}.Release|x64.ActiveCfg = Release|x64
		{36170F65-4468-47A3-8EEB-725952D4C70F}.Release|x64.Build.0 = Release|x64
		{36170F65-4468-47A3-8EEB-725952D4C70F}.Release|x86.ActiveCfg = Release|Win32
		{36170F65-4468-47A3-8EEB-725952D4C70F}.Release|x86.Build.0 = Release|Win32
		{36170F65-4468-47A3-8EEB-725952D4C70F}.TestRelease|Any CPU.ActiveCfg = Release|x64
		{36170F65-4468-47A3-8EEB-725952D4C70F}.TestRelease|Any CPU.Build.0 = Release|x64
		{36170F65-4468-47A3-8EEB-725952D4C70F}.TestRelease|x64.ActiveCfg = Release|x64
		{36170F65-4468-47A3-8EEB-725952D4C70F}.TestRelease|x64.Build.0 = Release|x64
		{36170F65-4468-47A3-8EEB-725952D4C70F}.TestRelease|x86.ActiveCfg = Release|Win32
		{36170F65-4468-47A3-8EEB-725952D4C70F}.TestRelease|x86.Build.0 = Release|Win32
		{2CFF4093-649F-4F26-BAB9-882D9876C7DA}.Debug|Any CPU.ActiveCfg = Debug|Any CPU
		{2CFF4093-649F-4F26-BAB9-882D9876C7DA}.Debug|Any CPU.Build.0 = Debug|Any CPU
		{2CFF4093-649F-4F26-BAB9-882D9876C7DA}.Debug|x64.ActiveCfg = Debug|Any CPU
		{2CFF4093-649F-4F26-BAB9-882D9876C7DA}.Debug|x64.Build.0 = Debug|Any CPU
		{2CFF4093-649F-4F26-BAB9-882D9876C7DA}.Debug|x86.ActiveCfg = Debug|Any CPU
		{2CFF4093-649F-4F26-BAB9-882D9876C7DA}.Debug|x86.Build.0 = Debug|Any CPU
		{2CFF4093-649F-4F26-BAB9-882D9876C7DA}.Release|Any CPU.ActiveCfg = Release|Any CPU
		{2CFF4093-649F-4F26-BAB9-882D9876C7DA}.Release|Any CPU.Build.0 = Release|Any CPU
		{2CFF4093-649F-4F26-BAB9-882D9876C7DA}.Release|x64.ActiveCfg = Release|Any CPU
		{2CFF4093-649F-4F26-BAB9-882D9876C7DA}.Release|x64.Build.0 = Release|Any CPU
		{2CFF4093-649F-4F26-BAB9-882D9876C7DA}.Release|x86.ActiveCfg = Release|Any CPU
		{2CFF4093-649F-4F26-BAB9-882D9876C7DA}.Release|x86.Build.0 = Release|Any CPU
		{2CFF4093-649F-4F26-BAB9-882D9876C7DA}.TestRelease|Any CPU.ActiveCfg = Release|Any CPU
		{2CFF4093-649F-4F26-BAB9-882D9876C7DA}.TestRelease|Any CPU.Build.0 = Release|Any CPU
		{2CFF4093-649F-4F26-BAB9-882D9876C7DA}.TestRelease|x64.ActiveCfg = Release|Any CPU
		{2CFF4093-649F-4F26-BAB9-882D9876C7DA}.TestRelease|x64.Build.0 = Release|Any CPU
		{2CFF4093-649F-4F26-BAB9-882D9876C7DA}.TestRelease|x86.ActiveCfg = Release|Any CPU
		{2CFF4093-649F-4F26-BAB9-882D9876C7DA}.TestRelease|x86.Build.0 = Release|Any CPU
		{F5875190-A23A-43F4-AA9E-CFD9CC77831C}.Debug|Any CPU.ActiveCfg = Debug|Any CPU
		{F5875190-A23A-43F4-AA9E-CFD9CC77831C}.Debug|Any CPU.Build.0 = Debug|Any CPU
		{F5875190-A23A-43F4-AA9E-CFD9CC77831C}.Debug|x64.ActiveCfg = Debug|Any CPU
		{F5875190-A23A-43F4-AA9E-CFD9CC77831C}.Debug|x64.Build.0 = Debug|Any CPU
		{F5875190-A23A-43F4-AA9E-CFD9CC77831C}.Debug|x86.ActiveCfg = Debug|Any CPU
		{F5875190-A23A-43F4-AA9E-CFD9CC77831C}.Debug|x86.Build.0 = Debug|Any CPU
		{F5875190-A23A-43F4-AA9E-CFD9CC77831C}.Release|Any CPU.ActiveCfg = Release|Any CPU
		{F5875190-A23A-43F4-AA9E-CFD9CC77831C}.Release|Any CPU.Build.0 = Release|Any CPU
		{F5875190-A23A-43F4-AA9E-CFD9CC77831C}.Release|x64.ActiveCfg = Release|Any CPU
		{F5875190-A23A-43F4-AA9E-CFD9CC77831C}.Release|x64.Build.0 = Release|Any CPU
		{F5875190-A23A-43F4-AA9E-CFD9CC77831C}.Release|x86.ActiveCfg = Release|Any CPU
		{F5875190-A23A-43F4-AA9E-CFD9CC77831C}.Release|x86.Build.0 = Release|Any CPU
		{F5875190-A23A-43F4-AA9E-CFD9CC77831C}.TestRelease|Any CPU.ActiveCfg = Release|Any CPU
		{F5875190-A23A-43F4-AA9E-CFD9CC77831C}.TestRelease|Any CPU.Build.0 = Release|Any CPU
		{F5875190-A23A-43F4-AA9E-CFD9CC77831C}.TestRelease|x64.ActiveCfg = Release|Any CPU
		{F5875190-A23A-43F4-AA9E-CFD9CC77831C}.TestRelease|x64.Build.0 = Release|Any CPU
		{F5875190-A23A-43F4-AA9E-CFD9CC77831C}.TestRelease|x86.ActiveCfg = Release|Any CPU
		{F5875190-A23A-43F4-AA9E-CFD9CC77831C}.TestRelease|x86.Build.0 = Release|Any CPU
		{5DF1DCDC-AA7E-1C92-CD29-4B2C64547B56}.Debug|Any CPU.ActiveCfg = Debug|Any CPU
		{5DF1DCDC-AA7E-1C92-CD29-4B2C64547B56}.Debug|Any CPU.Build.0 = Debug|Any CPU
		{5DF1DCDC-AA7E-1C92-CD29-4B2C64547B56}.Debug|x64.ActiveCfg = Debug|x64
		{5DF1DCDC-AA7E-1C92-CD29-4B2C64547B56}.Debug|x64.Build.0 = Debug|x64
		{5DF1DCDC-AA7E-1C92-CD29-4B2C64547B56}.Debug|x86.ActiveCfg = Debug|Any CPU
		{5DF1DCDC-AA7E-1C92-CD29-4B2C64547B56}.Debug|x86.Build.0 = Debug|Any CPU
		{5DF1DCDC-AA7E-1C92-CD29-4B2C64547B56}.Release|Any CPU.ActiveCfg = Release|x64
		{5DF1DCDC-AA7E-1C92-CD29-4B2C64547B56}.Release|Any CPU.Build.0 = Release|x64
		{5DF1DCDC-AA7E-1C92-CD29-4B2C64547B56}.Release|x64.ActiveCfg = Release|x64
		{5DF1DCDC-AA7E-1C92-CD29-4B2C64547B56}.Release|x64.Build.0 = Release|x64
		{5DF1DCDC-AA7E-1C92-CD29-4B2C64547B56}.Release|x86.ActiveCfg = Release|Any CPU
		{5DF1DCDC-AA7E-1C92-CD29-4B2C64547B56}.Release|x86.Build.0 = Release|Any CPU
		{5DF1DCDC-AA7E-1C92-CD29-4B2C64547B56}.TestRelease|Any CPU.ActiveCfg = TestRelease|Any CPU
		{5DF1DCDC-AA7E-1C92-CD29-4B2C64547B56}.TestRelease|Any CPU.Build.0 = TestRelease|Any CPU
		{5DF1DCDC-AA7E-1C92-CD29-4B2C64547B56}.TestRelease|x64.ActiveCfg = TestRelease|x64
		{5DF1DCDC-AA7E-1C92-CD29-4B2C64547B56}.TestRelease|x64.Build.0 = TestRelease|x64
		{5DF1DCDC-AA7E-1C92-CD29-4B2C64547B56}.TestRelease|x86.ActiveCfg = TestRelease|Any CPU
		{5DF1DCDC-AA7E-1C92-CD29-4B2C64547B56}.TestRelease|x86.Build.0 = TestRelease|Any CPU
		{F868ECAE-1772-4240-B3FF-3DD195471BA0}.Debug|Any CPU.ActiveCfg = Debug|Any CPU
		{F868ECAE-1772-4240-B3FF-3DD195471BA0}.Debug|Any CPU.Build.0 = Debug|Any CPU
		{F868ECAE-1772-4240-B3FF-3DD195471BA0}.Debug|x64.ActiveCfg = Debug|Any CPU
		{F868ECAE-1772-4240-B3FF-3DD195471BA0}.Debug|x64.Build.0 = Debug|Any CPU
		{F868ECAE-1772-4240-B3FF-3DD195471BA0}.Debug|x86.ActiveCfg = Debug|Any CPU
		{F868ECAE-1772-4240-B3FF-3DD195471BA0}.Debug|x86.Build.0 = Debug|Any CPU
		{F868ECAE-1772-4240-B3FF-3DD195471BA0}.Release|Any CPU.ActiveCfg = Release|Any CPU
		{F868ECAE-1772-4240-B3FF-3DD195471BA0}.Release|Any CPU.Build.0 = Release|Any CPU
		{F868ECAE-1772-4240-B3FF-3DD195471BA0}.Release|x64.ActiveCfg = Release|Any CPU
		{F868ECAE-1772-4240-B3FF-3DD195471BA0}.Release|x64.Build.0 = Release|Any CPU
		{F868ECAE-1772-4240-B3FF-3DD195471BA0}.Release|x86.ActiveCfg = Release|Any CPU
		{F868ECAE-1772-4240-B3FF-3DD195471BA0}.Release|x86.Build.0 = Release|Any CPU
		{F868ECAE-1772-4240-B3FF-3DD195471BA0}.TestRelease|Any CPU.ActiveCfg = Release|Any CPU
		{F868ECAE-1772-4240-B3FF-3DD195471BA0}.TestRelease|Any CPU.Build.0 = Release|Any CPU
		{F868ECAE-1772-4240-B3FF-3DD195471BA0}.TestRelease|x64.ActiveCfg = Release|Any CPU
		{F868ECAE-1772-4240-B3FF-3DD195471BA0}.TestRelease|x64.Build.0 = Release|Any CPU
		{F868ECAE-1772-4240-B3FF-3DD195471BA0}.TestRelease|x86.ActiveCfg = Release|Any CPU
		{F868ECAE-1772-4240-B3FF-3DD195471BA0}.TestRelease|x86.Build.0 = Release|Any CPU
		{47F3207E-EA0E-4D48-9C98-E935F3568F59}.Debug|Any CPU.ActiveCfg = Debug|x64
		{47F3207E-EA0E-4D48-9C98-E935F3568F59}.Debug|Any CPU.Build.0 = Debug|x64
		{47F3207E-EA0E-4D48-9C98-E935F3568F59}.Debug|x64.ActiveCfg = Debug|x64
		{47F3207E-EA0E-4D48-9C98-E935F3568F59}.Debug|x64.Build.0 = Debug|x64
		{47F3207E-EA0E-4D48-9C98-E935F3568F59}.Debug|x86.ActiveCfg = Debug|Win32
		{47F3207E-EA0E-4D48-9C98-E935F3568F59}.Debug|x86.Build.0 = Debug|Win32
		{47F3207E-EA0E-4D48-9C98-E935F3568F59}.Release|Any CPU.ActiveCfg = Release|x64
		{47F3207E-EA0E-4D48-9C98-E935F3568F59}.Release|Any CPU.Build.0 = Release|x64
		{47F3207E-EA0E-4D48-9C98-E935F3568F59}.Release|x64.ActiveCfg = Release|x64
		{47F3207E-EA0E-4D48-9C98-E935F3568F59}.Release|x64.Build.0 = Release|x64
		{47F3207E-EA0E-4D48-9C98-E935F3568F59}.Release|x86.ActiveCfg = Release|Win32
		{47F3207E-EA0E-4D48-9C98-E935F3568F59}.Release|x86.Build.0 = Release|Win32
		{47F3207E-EA0E-4D48-9C98-E935F3568F59}.TestRelease|Any CPU.ActiveCfg = Release|x64
		{47F3207E-EA0E-4D48-9C98-E935F3568F59}.TestRelease|Any CPU.Build.0 = Release|x64
		{47F3207E-EA0E-4D48-9C98-E935F3568F59}.TestRelease|x64.ActiveCfg = Release|x64
		{47F3207E-EA0E-4D48-9C98-E935F3568F59}.TestRelease|x64.Build.0 = Release|x64
		{47F3207E-EA0E-4D48-9C98-E935F3568F59}.TestRelease|x86.ActiveCfg = Release|Win32
		{47F3207E-EA0E-4D48-9C98-E935F3568F59}.TestRelease|x86.Build.0 = Release|Win32
	EndGlobalSection
	GlobalSection(SolutionProperties) = preSolution
		HideSolutionNode = FALSE
	EndGlobalSection
	GlobalSection(ExtensibilityGlobals) = postSolution
		SolutionGuid = {3D1F4E69-AD6C-4223-B2EE-D7A4D7A79327}
	EndGlobalSection
EndGlobal
