<?xml version="1.0" encoding="utf-8"?>
<Project ToolsVersion="4.0" xmlns="http://schemas.microsoft.com/developer/msbuild/2003">
  <ItemGroup>
    <Filter Include="bat">
      <UniqueIdentifier>{faaf8420-54de-4631-9ad6-eaa426d3f392}</UniqueIdentifier>
    </Filter>
  </ItemGroup>
  <ItemGroup>
    <None Include="build.bat" />
    <None Include="script.nsi" />
    <None Include="remove.bat" />
  </ItemGroup>
  <ItemGroup>
    <Text Include="bat\programfiles.txt">
      <Filter>bat</Filter>
    </Text>
    <Text Include="bat\dependentFiles.txt">
      <Filter>bat</Filter>
    </Text>
  </ItemGroup>
</Project>